
Microsoft Visual Studio Solution File, Format Version 12.00
# Visual Studio Version 17
VisualStudioVersion = 17.2.32616.157
MinimumVisualStudioVersion = 10.0.40219.1
Project("{FAE04EC0-301F-11D3-BF4B-00C04F79EFBC}") = "FirstLab", "FirstLab\FirstLab.csproj", "{4F073EBC-CCAD-449E-8BAD-429C83B8FBD5}"
EndProject
Global
	GlobalSection(SolutionConfigurationPlatforms) = preSolution
		Debug|Any CPU = Debug|Any CPU
		Release|Any CPU = Release|Any CPU
	EndGlobalSection
	GlobalSection(ProjectConfigurationPlatforms) = postSolution
		{4F073EBC-CCAD-449E-8BAD-429C83B8FBD5}.Debug|Any CPU.ActiveCfg = Debug|Any CPU
		{4F073EBC-CCAD-449E-8BAD-429C83B8FBD5}.Debug|Any CPU.Build.0 = Debug|Any CPU
		{4F073EBC-CCAD-449E-8BAD-429C83B8FBD5}.Release|Any CPU.ActiveCfg = Release|Any CPU
		{4F073EBC-CCAD-449E-8BAD-429C83B8FBD5}.Release|Any CPU.Build.0 = Release|Any CPU
	EndGlobalSection
	GlobalSection(SolutionProperties) = preSolution
		HideSolutionNode = FALSE
	EndGlobalSection
	GlobalSection(ExtensibilityGlobals) = postSolution
		SolutionGuid = {8EB17A3B-787D-4F4C-A387-FB3A2C5A9B74}
	EndGlobalSection
EndGlobal
